// !$*UTF8*$!
{
	archiveVersion = 1;
	classes = {
	};
	objectVersion = 77;
	objects = {

/* Begin PBXBuildFile section */
		041D5860300EFD09008ACB6B /* LicenseList in Frameworks */ = {isa = PBXBuildFile; productRef = 041D585F300EFD09008ACB6B /* LicenseList */; };
		045DE9752FEFA1000060C89A /* KakaoMapsSDK-SPM in Frameworks */ = {isa = PBXBuildFile; productRef = 045DE9762FEFA1000060C89A /* KakaoMapsSDK-SPM */; };
		045DE9DF2FEFA5D50060C89A /* SwiftyBeaver in Frameworks */ = {isa = PBXBuildFile; productRef = 045DE9DE2FEFA5D50060C89A /* SwiftyBeaver */; };
		045DE9E22FEFAC9E0060C89A /* KakaoSDKNavi in Frameworks */ = {isa = PBXBuildFile; productRef = 045DE9E42FEFAC9E0060C89A /* KakaoSDKNavi */; };
		045DE9E52FEFAC9E0060C89A /* KakaoSDKUser in Frameworks */ = {isa = PBXBuildFile; productRef = 045DE9E62FEFAC9E0060C89A /* KakaoSDKUser */; };
		04CA505B2FF8E61E003FCF19 /* Then in Frameworks */ = {isa = PBXBuildFile; productRef = 04CA505A2FF8E61E003FCF19 /* Then */; };
		04CA505E2FF8E63E003FCF19 /* SnapKit in Frameworks */ = {isa = PBXBuildFile; productRef = 04CA505D2FF8E63E003FCF19 /* SnapKit */; };
		04CA50612FF8E665003FCF19 /* RxCocoa in Frameworks */ = {isa = PBXBuildFile; productRef = 04CA50602FF8E665003FCF19 /* RxCocoa */; };
		04CA50632FF8E665003FCF19 /* RxRelay in Frameworks */ = {isa = PBXBuildFile; productRef = 04CA50622FF8E665003FCF19 /* RxRelay */; };
		04CA50652FF8E665003FCF19 /* RxSwift in Frameworks */ = {isa = PBXBuildFile; productRef = 04CA50642FF8E665003FCF19 /* RxSwift */; };
		04CA50682FF8E67A003FCF19 /* NSObject-Rx in Frameworks */ = {isa = PBXBuildFile; productRef = 04CA50672FF8E67A003FCF19 /* NSObject-Rx */; };
		1ECE49715CCCEBB0BFB331DB /* RodiPracticeLiveActivity.appex in Embed App Extensions */ = {isa = PBXBuildFile; fileRef = EAC880421E775A2ACFA24094 /* RodiPracticeLiveActivity.appex */; settings = {ATTRIBUTES = (CodeSignOnCopy, RemoveHeadersOnCopy, ); }; };
		1FB2CD167C7D60B203650162 /* Foundation.framework in Frameworks */ = {isa = PBXBuildFile; fileRef = C65E36336F2D2B59EAD7C56C /* Foundation.framework */; };
		56C755504BFF530447DD1584 /* Assets.xcassets in Resources */ = {isa = PBXBuildFile; fileRef = 03B2997E7F254438E20F793B /* Assets.xcassets */; };
		7863573BB827CEC2F5056C50 /* PracticeLiveActivity.swift in Sources */ = {isa = PBXBuildFile; fileRef = 903D4E98060C54B79A4FF5EB /* PracticeLiveActivity.swift */; };
		A1B200000000000000000001 /* XCTest.framework in Frameworks */ = {isa = PBXBuildFile; fileRef = A1B200000000000000000002 /* XCTest.framework */; };
		C1A000000000000000001001 /* Clarity in Frameworks */ = {isa = PBXBuildFile; productRef = C1A000000000000000003001 /* Clarity */; };
		F1B000000000000000001001 /* FirebaseCore in Frameworks */ = {isa = PBXBuildFile; productRef = F1B000000000000000003001 /* FirebaseCore */; };
		F1B000000000000000001002 /* FirebaseAnalytics in Frameworks */ = {isa = PBXBuildFile; productRef = F1B000000000000000003002 /* FirebaseAnalytics */; };
		F1B000000000000000001003 /* FirebaseCrashlytics in Frameworks */ = {isa = PBXBuildFile; productRef = F1B000000000000000003003 /* FirebaseCrashlytics */; };
		F1B000000000000000001004 /* FirebasePerformance in Frameworks */ = {isa = PBXBuildFile; productRef = F1B000000000000000003004 /* FirebasePerformance */; };
		FADD9B8005F6E08C3F9AA73C /* Rodi/Presentation/PracticeTracking/PracticeLiveActivityAttributes.swift in Sources */ = {isa = PBXBuildFile; fileRef = 8F1FE2CD9DB7945D248FBEA3 /* Rodi/Presentation/PracticeTracking/PracticeLiveActivityAttributes.swift */; };
/* End PBXBuildFile section */

/* Begin PBXContainerItemProxy section */
		48A25E6F52CDE2ECD995DCD3 /* PBXContainerItemProxy */ = {
			isa = PBXContainerItemProxy;
			containerPortal = 042A22BE2FEE58B100DB67F4 /* Project object */;
			proxyType = 1;
			remoteGlobalIDString = EB97833EA83C59FB228D111C;
			remoteInfo = RodiPracticeLiveActivity;
		};
		A1B200000000000000000006 /* PBXContainerItemProxy */ = {
			isa = PBXContainerItemProxy;
			containerPortal = 042A22BE2FEE58B100DB67F4 /* Project object */;
			proxyType = 1;
			remoteGlobalIDString = 042A22C52FEE58B100DB67F4;
			remoteInfo = Rodi;
		};
/* End PBXContainerItemProxy section */

/* Begin PBXCopyFilesBuildPhase section */
		B7520543826CA41F5C1EB299 /* Embed App Extensions */ = {
			isa = PBXCopyFilesBuildPhase;
			buildActionMask = 2147483647;
			dstPath = "";
			dstSubfolderSpec = 13;
			files = (
				1ECE49715CCCEBB0BFB331DB /* RodiPracticeLiveActivity.appex in Embed App Extensions */,
			);
			name = "Embed App Extensions";
			runOnlyForDeploymentPostprocessing = 0;
		};
/* End PBXCopyFilesBuildPhase section */

/* Begin PBXFileReference section */
		03B2997E7F254438E20F793B /* Assets.xcassets */ = {isa = PBXFileReference; includeInIndex = 1; lastKnownFileType = folder.assetcatalog; path = Assets.xcassets; sourceTree = "<group>"; };
		042A22C62FEE58B100DB67F4 /* Rodi.app */ = {isa = PBXFileReference; explicitFileType = wrapper.application; includeInIndex = 0; path = Rodi.app; sourceTree = BUILT_PRODUCTS_DIR; };
		045DE9782FEFA1000060C89A /* Secrets.example.xcconfig */ = {isa = PBXFileReference; lastKnownFileType = text.xcconfig; path = Secrets.example.xcconfig; sourceTree = "<group>"; };
		045DE9792FEFA1000060C89A /* Info.plist */ = {isa = PBXFileReference; lastKnownFileType = text.plist.xml; path = Info.plist; sourceTree = "<group>"; };
		05E100012F00000100E00001 /* Dev.xcconfig */ = {isa = PBXFileReference; lastKnownFileType = text.xcconfig; path = Dev.xcconfig; sourceTree = "<group>"; };
		05E100022F00000100E00001 /* Prod.xcconfig */ = {isa = PBXFileReference; lastKnownFileType = text.xcconfig; path = Prod.xcconfig; sourceTree = "<group>"; };
		8F1FE2CD9DB7945D248FBEA3 /* Rodi/Presentation/PracticeTracking/PracticeLiveActivityAttributes.swift */ = {isa = PBXFileReference; includeInIndex = 1; lastKnownFileType = sourcecode.swift; path = Rodi/Presentation/PracticeTracking/PracticeLiveActivityAttributes.swift; sourceTree = SOURCE_ROOT; };
		903D4E98060C54B79A4FF5EB /* PracticeLiveActivity.swift */ = {isa = PBXFileReference; includeInIndex = 1; lastKnownFileType = sourcecode.swift; path = PracticeLiveActivity.swift; sourceTree = "<group>"; };
		A1B200000000000000000002 /* XCTest.framework */ = {isa = PBXFileReference; lastKnownFileType = wrapper.framework; name = XCTest.framework; path = System/Library/Frameworks/XCTest.framework; sourceTree = SDKROOT; };
		A1B200000000000000000003 /* RodiTests.xctest */ = {isa = PBXFileReference; explicitFileType = wrapper.cfbundle; includeInIndex = 0; path = RodiTests.xctest; sourceTree = BUILT_PRODUCTS_DIR; };
		C65E36336F2D2B59EAD7C56C /* Foundation.framework */ = {isa = PBXFileReference; lastKnownFileType = wrapper.framework; name = Foundation.framework; path = Platforms/iPhoneOS.platform/Developer/SDKs/iPhoneOS18.0.sdk/System/Library/Frameworks/Foundation.framework; sourceTree = DEVELOPER_DIR; };
		E73E620BAD2C71AB84067D43 /* Info.plist */ = {isa = PBXFileReference; includeInIndex = 1; lastKnownFileType = text.plist.xml; path = Info.plist; sourceTree = "<group>"; };
		EAC880421E775A2ACFA24094 /* RodiPracticeLiveActivity.appex */ = {isa = PBXFileReference; explicitFileType = "wrapper.app-extension"; includeInIndex = 0; path = RodiPracticeLiveActivity.appex; sourceTree = BUILT_PRODUCTS_DIR; };
/* End PBXFileReference section */

/* Begin PBXFileSystemSynchronizedRootGroup section */
		042A22C82FEE58B100DB67F4 /* Rodi */ = {
			isa = PBXFileSystemSynchronizedRootGroup;
			path = Rodi;
			sourceTree = "<group>";
		};
		A1B200000000000000000004 /* RodiTests */ = {
			isa = PBXFileSystemSynchronizedRootGroup;
			path = RodiTests;
			sourceTree = "<group>";
		};
/* End PBXFileSystemSynchronizedRootGroup section */

/* Begin PBXFrameworksBuildPhase section */
		042A22C32FEE58B100DB67F4 /* Frameworks */ = {
			isa = PBXFrameworksBuildPhase;
			buildActionMask = 2147483647;
			files = (
				C1A000000000000000001001 /* Clarity in Frameworks */,
				F1B000000000000000001001 /* FirebaseCore in Frameworks */,
				F1B000000000000000001002 /* FirebaseAnalytics in Frameworks */,
				F1B000000000000000001003 /* FirebaseCrashlytics in Frameworks */,
				F1B000000000000000001004 /* FirebasePerformance in Frameworks */,
				04CA50652FF8E665003FCF19 /* RxSwift in Frameworks */,
				04CA505B2FF8E61E003FCF19 /* Then in Frameworks */,
				041D5860300EFD09008ACB6B /* LicenseList in Frameworks */,
				045DE9752FEFA1000060C89A /* KakaoMapsSDK-SPM in Frameworks */,
				045DE9E22FEFAC9E0060C89A /* KakaoSDKNavi in Frameworks */,
				045DE9E52FEFAC9E0060C89A /* KakaoSDKUser in Frameworks */,
				04CA50682FF8E67A003FCF19 /* NSObject-Rx in Frameworks */,
				04CA50612FF8E665003FCF19 /* RxCocoa in Frameworks */,
				04CA505E2FF8E63E003FCF19 /* SnapKit in Frameworks */,
				04CA50632FF8E665003FCF19 /* RxRelay in Frameworks */,
				045DE9DF2FEFA5D50060C89A /* SwiftyBeaver in Frameworks */,
			);
			runOnlyForDeploymentPostprocessing = 0;
		};
		3630B0DEDAB48368AEA24AA8 /* Frameworks */ = {
			isa = PBXFrameworksBuildPhase;
			buildActionMask = 2147483647;
			files = (
				1FB2CD167C7D60B203650162 /* Foundation.framework in Frameworks */,
			);
			runOnlyForDeploymentPostprocessing = 0;
		};
		A1B200000000000000000005 /* Frameworks */ = {
			isa = PBXFrameworksBuildPhase;
			buildActionMask = 2147483647;
			files = (
				A1B200000000000000000001 /* XCTest.framework in Frameworks */,
			);
			runOnlyForDeploymentPostprocessing = 0;
		};
/* End PBXFrameworksBuildPhase section */

/* Begin PBXGroup section */
		042A22BD2FEE58B100DB67F4 = {
			isa = PBXGroup;
			children = (
				045DE97A2FEFA1000060C89A /* Config */,
				042A22C82FEE58B100DB67F4 /* Rodi */,
				A1B200000000000000000004 /* RodiTests */,
				042A22C72FEE58B100DB67F4 /* Products */,
				04B8EF4E302C175F00AC449D /* Recovered References */,
				5A9E2C675B700B8421F891BD /* Frameworks */,
				C3D911FB5EB55C70FF4083A5 /* RodiPracticeLiveActivity */,
			);
			sourceTree = "<group>";
		};
		042A22C72FEE58B100DB67F4 /* Products */ = {
			isa = PBXGroup;
			children = (
				042A22C62FEE58B100DB67F4 /* Rodi.app */,
				A1B200000000000000000003 /* RodiTests.xctest */,
				EAC880421E775A2ACFA24094 /* RodiPracticeLiveActivity.appex */,
			);
			name = Products;
			sourceTree = "<group>";
		};
		045DE97A2FEFA1000060C89A /* Config */ = {
			isa = PBXGroup;
			children = (
				045DE9792FEFA1000060C89A /* Info.plist */,
				05E100012F00000100E00001 /* Dev.xcconfig */,
				05E100022F00000100E00001 /* Prod.xcconfig */,
				045DE9782FEFA1000060C89A /* Secrets.example.xcconfig */,
			);
			path = Config;
			sourceTree = "<group>";
		};
		04B8EF4E302C175F00AC449D /* Recovered References */ = {
			isa = PBXGroup;
			children = (
				A1B200000000000000000002 /* XCTest.framework */,
			);
			name = "Recovered References";
			sourceTree = "<group>";
		};
		540754E1F68789EE57D6F997 /* iOS */ = {
			isa = PBXGroup;
			children = (
				C65E36336F2D2B59EAD7C56C /* Foundation.framework */,
			);
			name = iOS;
			sourceTree = "<group>";
		};
		5A9E2C675B700B8421F891BD /* Frameworks */ = {
			isa = PBXGroup;
			children = (
				540754E1F68789EE57D6F997 /* iOS */,
			);
			name = Frameworks;
			sourceTree = "<group>";
		};
		C3D911FB5EB55C70FF4083A5 /* RodiPracticeLiveActivity */ = {
			isa = PBXGroup;
			children = (
				903D4E98060C54B79A4FF5EB /* PracticeLiveActivity.swift */,
				E73E620BAD2C71AB84067D43 /* Info.plist */,
				8F1FE2CD9DB7945D248FBEA3 /* Rodi/Presentation/PracticeTracking/PracticeLiveActivityAttributes.swift */,
				03B2997E7F254438E20F793B /* Assets.xcassets */,
			);
			path = RodiPracticeLiveActivity;
			sourceTree = "<group>";
		};
/* End PBXGroup section */

/* Begin PBXNativeTarget section */
		042A22C52FEE58B100DB67F4 /* Rodi */ = {
			isa = PBXNativeTarget;
			buildConfigurationList = 042A22D12FEE58B200DB67F4 /* Build configuration list for PBXNativeTarget "Rodi" */;
			buildPhases = (
				042A22C22FEE58B100DB67F4 /* Sources */,
				042A22C32FEE58B100DB67F4 /* Frameworks */,
				042A22C42FEE58B100DB67F4 /* Resources */,
				B7520543826CA41F5C1EB299 /* Embed App Extensions */,
				0401458E301B09CA0046D6BF /* Prepare Firebase Configuration */,
				F1B000000000000000004001 /* Upload Crashlytics Symbols */,
			);
			buildRules = (
			);
			dependencies = (
				B83910C371F03D9FBA5E46F2 /* PBXTargetDependency */,
			);
			fileSystemSynchronizedGroups = (
				042A22C82FEE58B100DB67F4 /* Rodi */,
			);
			name = Rodi;
			packageProductDependencies = (
				041D585F300EFD09008ACB6B /* LicenseList */,
				045DE9762FEFA1000060C89A /* KakaoMapsSDK-SPM */,
				045DE9DE2FEFA5D50060C89A /* SwiftyBeaver */,
				045DE9E42FEFAC9E0060C89A /* KakaoSDKNavi */,
				045DE9E62FEFAC9E0060C89A /* KakaoSDKUser */,
				04CA505A2FF8E61E003FCF19 /* Then */,
				04CA505D2FF8E63E003FCF19 /* SnapKit */,
				04CA50602FF8E665003FCF19 /* RxCocoa */,
				04CA50622FF8E665003FCF19 /* RxRelay */,
				04CA50642FF8E665003FCF19 /* RxSwift */,
				04CA50672FF8E67A003FCF19 /* NSObject-Rx */,
				F1B000000000000000003001 /* FirebaseCore */,
				F1B000000000000000003002 /* FirebaseAnalytics */,
				F1B000000000000000003003 /* FirebaseCrashlytics */,
				F1B000000000000000003004 /* FirebasePerformance */,
				C1A000000000000000003001 /* Clarity */,
				041D585F300EFD09008ACB6B /* LicenseList */,
			);
			productName = Rodi;
			productReference = 042A22C62FEE58B100DB67F4 /* Rodi.app */;
			productType = "com.apple.product-type.application";
		};
		A1B200000000000000000007 /* RodiTests */ = {
			isa = PBXNativeTarget;
			buildConfigurationList = A1B200000000000000000008 /* Build configuration list for PBXNativeTarget "RodiTests" */;
			buildPhases = (
				A1B200000000000000000009 /* Sources */,
				A1B200000000000000000005 /* Frameworks */,
			);
			buildRules = (
			);
			dependencies = (
				A1B200000000000000000010 /* PBXTargetDependency */,
			);
			fileSystemSynchronizedGroups = (
				A1B200000000000000000004 /* RodiTests */,
			);
			name = RodiTests;
			productName = RodiTests;
			productReference = A1B200000000000000000003 /* RodiTests.xctest */;
			productType = "com.apple.product-type.bundle.unit-test";
		};
		EB97833EA83C59FB228D111C /* RodiPracticeLiveActivity */ = {
			isa = PBXNativeTarget;
			buildConfigurationList = A149327C92AF4D92888563FC /* Build configuration list for PBXNativeTarget "RodiPracticeLiveActivity" */;
			buildPhases = (
				33C6A1862CEAA82CCF2C7B25 /* Sources */,
				3630B0DEDAB48368AEA24AA8 /* Frameworks */,
				159AABFDD20632939A5E3D8C /* Resources */,
			);
			buildRules = (
			);
			dependencies = (
			);
			name = RodiPracticeLiveActivity;
			productName = RodiPracticeLiveActivity;
			productReference = EAC880421E775A2ACFA24094 /* RodiPracticeLiveActivity.appex */;
			productType = "com.apple.product-type.app-extension";
		};
/* End PBXNativeTarget section */

/* Begin PBXProject section */
		042A22BE2FEE58B100DB67F4 /* Project object */ = {
			isa = PBXProject;
			attributes = {
				BuildIndependentTargetsInParallel = 1;
				LastSwiftUpdateCheck = 2620;
				LastUpgradeCheck = 2620;
				TargetAttributes = {
					042A22C52FEE58B100DB67F4 = {
						CreatedOnToolsVersion = 26.2;
						SystemCapabilities = {
							com.apple.SignInWithApple = {
								enabled = 1;
							};
						};
					};
				};
			};
			buildConfigurationList = 042A22C12FEE58B100DB67F4 /* Build configuration list for PBXProject "Rodi" */;
			developmentRegion = ko;
			hasScannedForEncodings = 0;
			knownRegions = (
				Base,
				ko,
			);
			mainGroup = 042A22BD2FEE58B100DB67F4;
			minimizedProjectReferenceProxies = 1;
			packageReferences = (
				041D585E300EFD09008ACB6B /* XCRemoteSwiftPackageReference "LicenseList" */,
				045DE9742FEFA1000060C89A /* XCRemoteSwiftPackageReference "KakaoMapsSDK-SPM" */,
				045DE9DD2FEFA5D50060C89A /* XCRemoteSwiftPackageReference "SwiftyBeaver" */,
				045DE9E32FEFAC9E0060C89A /* XCRemoteSwiftPackageReference "kakao-ios-sdk" */,
				04CA50592FF8E61E003FCF19 /* XCRemoteSwiftPackageReference "Then" */,
				04CA505C2FF8E63E003FCF19 /* XCRemoteSwiftPackageReference "SnapKit" */,
				04CA505F2FF8E665003FCF19 /* XCRemoteSwiftPackageReference "RxSwift" */,
				04CA50662FF8E67A003FCF19 /* XCRemoteSwiftPackageReference "NSObject-Rx" */,
				F1B000000000000000002001 /* XCRemoteSwiftPackageReference "firebase-ios-sdk" */,
				C1A000000000000000002001 /* XCRemoteSwiftPackageReference "clarity-apps" */,
				041D585E300EFD09008ACB6B /* XCRemoteSwiftPackageReference "LicenseList" */,
			);
			preferredProjectObjectVersion = 77;
			productRefGroup = 042A22C72FEE58B100DB67F4 /* Products */;
			projectDirPath = "";
			projectRoot = "";
			targets = (
				042A22C52FEE58B100DB67F4 /* Rodi */,
				A1B200000000000000000007 /* RodiTests */,
				EB97833EA83C59FB228D111C /* RodiPracticeLiveActivity */,
			);
		};
/* End PBXProject section */

/* Begin PBXResourcesBuildPhase section */
		042A22C42FEE58B100DB67F4 /* Resources */ = {
			isa = PBXResourcesBuildPhase;
			buildActionMask = 2147483647;
			files = (
			);
			runOnlyForDeploymentPostprocessing = 0;
		};
		159AABFDD20632939A5E3D8C /* Resources */ = {
			isa = PBXResourcesBuildPhase;
			buildActionMask = 2147483647;
			files = (
				56C755504BFF530447DD1584 /* Assets.xcassets in Resources */,
			);
			runOnlyForDeploymentPostprocessing = 0;
		};
/* End PBXResourcesBuildPhase section */

/* Begin PBXShellScriptBuildPhase section */
		0401458E301B09CA0046D6BF /* Prepare Firebase Configuration */ = {
			isa = PBXShellScriptBuildPhase;
			buildActionMask = 2147483647;
			files = (
			);
			inputFileListPaths = (
			);
			inputPaths = (
				"$(FIREBASE_GOOGLE_SERVICE_INFO_PATH)",
			);
			name = "Prepare Firebase Configuration";
			outputFileListPaths = (
			);
			outputPaths = (
				"$(TARGET_BUILD_DIR)/$(UNLOCALIZED_RESOURCES_FOLDER_PATH)/GoogleService-Info.plist",
			);
			runOnlyForDeploymentPostprocessing = 0;
			shellPath = /bin/sh;
			shellScript = "set -euo pipefail\n\nsource=\"${FIREBASE_GOOGLE_SERVICE_INFO_PATH:-}\"\ndestination=\"${TARGET_BUILD_DIR}/${UNLOCALIZED_RESOURCES_FOLDER_PATH}/GoogleService-Info.plist\"\n\nif [ -z \"$source\" ] || [ ! -f \"$source\" ]; then\n  echo \"error: Missing Firebase configuration for ${RODI_ENVIRONMENT:-unknown}. Expected: $source\"\n  exit 1\nfi\n\n/bin/cp -f \"$source\" \"$destination\"\n";
		};
		F1B000000000000000004001 /* Upload Crashlytics Symbols */ = {
			isa = PBXShellScriptBuildPhase;
			alwaysOutOfDate = 1;
			buildActionMask = 2147483647;
			files = (
			);
			inputFileListPaths = (
			);
			inputPaths = (
				"${DWARF_DSYM_FOLDER_PATH}/${DWARF_DSYM_FILE_NAME}",
				"${DWARF_DSYM_FOLDER_PATH}/${DWARF_DSYM_FILE_NAME}/Contents/Resources/DWARF/${PRODUCT_NAME}",
				"${DWARF_DSYM_FOLDER_PATH}/${DWARF_DSYM_FILE_NAME}/Contents/Info.plist",
				"$(TARGET_BUILD_DIR)/$(UNLOCALIZED_RESOURCES_FOLDER_PATH)/GoogleService-Info.plist",
				"$(TARGET_BUILD_DIR)/$(EXECUTABLE_PATH)",
				"${DWARF_DSYM_FOLDER_PATH}/${DWARF_DSYM_FILE_NAME}/Contents/Resources/DWARF/${PRODUCT_NAME}.debug.dylib",
			);
			name = "Upload Crashlytics Symbols";
			outputFileListPaths = (
			);
			outputPaths = (
			);
			runOnlyForDeploymentPostprocessing = 0;
			shellPath = /bin/sh;
			shellScript = "\"${BUILD_DIR%/Build/*}/SourcePackages/checkouts/firebase-ios-sdk/Crashlytics/run\"\n";
		};
/* End PBXShellScriptBuildPhase section */

/* Begin PBXSourcesBuildPhase section */
		042A22C22FEE58B100DB67F4 /* Sources */ = {
			isa = PBXSourcesBuildPhase;
			buildActionMask = 2147483647;
			files = (
			);
			runOnlyForDeploymentPostprocessing = 0;
		};
		33C6A1862CEAA82CCF2C7B25 /* Sources */ = {
			isa = PBXSourcesBuildPhase;
			buildActionMask = 2147483647;
			files = (
				7863573BB827CEC2F5056C50 /* PracticeLiveActivity.swift in Sources */,
				FADD9B8005F6E08C3F9AA73C /* Rodi/Presentation/PracticeTracking/PracticeLiveActivityAttributes.swift in Sources */,
			);
			runOnlyForDeploymentPostprocessing = 0;
		};
		A1B200000000000000000009 /* Sources */ = {
			isa = PBXSourcesBuildPhase;
			buildActionMask = 2147483647;
			files = (
			);
			runOnlyForDeploymentPostprocessing = 0;
		};
/* End PBXSourcesBuildPhase section */

/* Begin PBXTargetDependency section */
		A1B200000000000000000010 /* PBXTargetDependency */ = {
			isa = PBXTargetDependency;
			target = 042A22C52FEE58B100DB67F4 /* Rodi */;
			targetProxy = A1B200000000000000000006 /* PBXContainerItemProxy */;
		};
		B83910C371F03D9FBA5E46F2 /* PBXTargetDependency */ = {
			isa = PBXTargetDependency;
			name = RodiPracticeLiveActivity;
			target = EB97833EA83C59FB228D111C /* RodiPracticeLiveActivity */;
			targetProxy = 48A25E6F52CDE2ECD995DCD3 /* PBXContainerItemProxy */;
		};
/* End PBXTargetDependency section */

/* Begin XCBuildConfiguration section */
		042A22CF2FEE58B200DB67F4 /* Debug */ = {
			isa = XCBuildConfiguration;
			buildSettings = {
				ALWAYS_SEARCH_USER_PATHS = NO;
				ASSETCATALOG_COMPILER_GENERATE_SWIFT_ASSET_SYMBOL_EXTENSIONS = YES;
				CLANG_ANALYZER_NONNULL = YES;
				CLANG_ANALYZER_NUMBER_OBJECT_CONVERSION = YES_AGGRESSIVE;
				CLANG_CXX_LANGUAGE_STANDARD = "gnu++20";
				CLANG_ENABLE_MODULES = YES;
				CLANG_ENABLE_OBJC_ARC = YES;
				CLANG_ENABLE_OBJC_WEAK = YES;
				CLANG_WARN_BLOCK_CAPTURE_AUTORELEASING = YES;
				CLANG_WARN_BOOL_CONVERSION = YES;
				CLANG_WARN_COMMA = YES;
				CLANG_WARN_CONSTANT_CONVERSION = YES;
				CLANG_WARN_DEPRECATED_OBJC_IMPLEMENTATIONS = YES;
				CLANG_WARN_DIRECT_OBJC_ISA_USAGE = YES_ERROR;
				CLANG_WARN_DOCUMENTATION_COMMENTS = YES;
				CLANG_WARN_EMPTY_BODY = YES;
				CLANG_WARN_ENUM_CONVERSION = YES;
				CLANG_WARN_INFINITE_RECURSION = YES;
				CLANG_WARN_INT_CONVERSION = YES;
				CLANG_WARN_NON_LITERAL_NULL_CONVERSION = YES;
				CLANG_WARN_OBJC_IMPLICIT_RETAIN_SELF = YES;
				CLANG_WARN_OBJC_LITERAL_CONVERSION = YES;
				CLANG_WARN_OBJC_ROOT_CLASS = YES_ERROR;
				CLANG_WARN_QUOTED_INCLUDE_IN_FRAMEWORK_HEADER = YES;
				CLANG_WARN_RANGE_LOOP_ANALYSIS = YES;
				CLANG_WARN_STRICT_PROTOTYPES = YES;
				CLANG_WARN_SUSPICIOUS_MOVE = YES;
				CLANG_WARN_UNGUARDED_AVAILABILITY = YES_AGGRESSIVE;
				CLANG_WARN_UNREACHABLE_CODE = YES;
				CLANG_WARN__DUPLICATE_METHOD_MATCH = YES;
				COPY_PHASE_STRIP = NO;
				DEBUG_INFORMATION_FORMAT = dwarf;
				DEVELOPMENT_TEAM = YRPYBFPPCT;
				ENABLE_STRICT_OBJC_MSGSEND = YES;
				ENABLE_TESTABILITY = YES;
				ENABLE_USER_SCRIPT_SANDBOXING = YES;
				GCC_C_LANGUAGE_STANDARD = gnu17;
				GCC_DYNAMIC_NO_PIC = NO;
				GCC_NO_COMMON_BLOCKS = YES;
				GCC_OPTIMIZATION_LEVEL = 0;
				GCC_PREPROCESSOR_DEFINITIONS = (
					"DEBUG=1",
					"$(inherited)",
				);
				GCC_WARN_64_TO_32_BIT_CONVERSION = YES;
				GCC_WARN_ABOUT_RETURN_TYPE = YES_ERROR;
				GCC_WARN_UNDECLARED_SELECTOR = YES;
				GCC_WARN_UNINITIALIZED_AUTOS = YES_AGGRESSIVE;
				GCC_WARN_UNUSED_FUNCTION = YES;
				GCC_WARN_UNUSED_VARIABLE = YES;
				IPHONEOS_DEPLOYMENT_TARGET = 26.2;
				LOCALIZATION_PREFERS_STRING_CATALOGS = YES;
				MTL_ENABLE_DEBUG_INFO = INCLUDE_SOURCE;
				MTL_FAST_MATH = YES;
				ONLY_ACTIVE_ARCH = YES;
				SDKROOT = iphoneos;
				SWIFT_ACTIVE_COMPILATION_CONDITIONS = "DEBUG $(inherited)";
				SWIFT_OPTIMIZATION_LEVEL = "-Onone";
			};
			name = Debug;
		};
		042A22D02FEE58B200DB67F4 /* Release */ = {
			isa = XCBuildConfiguration;
			buildSettings = {
				ALWAYS_SEARCH_USER_PATHS = NO;
				ASSETCATALOG_COMPILER_GENERATE_SWIFT_ASSET_SYMBOL_EXTENSIONS = YES;
				CLANG_ANALYZER_NONNULL = YES;
				CLANG_ANALYZER_NUMBER_OBJECT_CONVERSION = YES_AGGRESSIVE;
				CLANG_CXX_LANGUAGE_STANDARD = "gnu++20";
				CLANG_ENABLE_MODULES = YES;
				CLANG_ENABLE_OBJC_ARC = YES;
				CLANG_ENABLE_OBJC_WEAK = YES;
				CLANG_WARN_BLOCK_CAPTURE_AUTORELEASING = YES;
				CLANG_WARN_BOOL_CONVERSION = YES;
				CLANG_WARN_COMMA = YES;
				CLANG_WARN_CONSTANT_CONVERSION = YES;
				CLANG_WARN_DEPRECATED_OBJC_IMPLEMENTATIONS = YES;
				CLANG_WARN_DIRECT_OBJC_ISA_USAGE = YES_ERROR;
				CLANG_WARN_DOCUMENTATION_COMMENTS = YES;
				CLANG_WARN_EMPTY_BODY = YES;
				CLANG_WARN_ENUM_CONVERSION = YES;
				CLANG_WARN_INFINITE_RECURSION = YES;
				CLANG_WARN_INT_CONVERSION = YES;
				CLANG_WARN_NON_LITERAL_NULL_CONVERSION = YES;
				CLANG_WARN_OBJC_IMPLICIT_RETAIN_SELF = YES;
				CLANG_WARN_OBJC_LITERAL_CONVERSION = YES;
				CLANG_WARN_OBJC_ROOT_CLASS = YES_ERROR;
				CLANG_WARN_QUOTED_INCLUDE_IN_FRAMEWORK_HEADER = YES;
				CLANG_WARN_RANGE_LOOP_ANALYSIS = YES;
				CLANG_WARN_STRICT_PROTOTYPES = YES;
				CLANG_WARN_SUSPICIOUS_MOVE = YES;
				CLANG_WARN_UNGUARDED_AVAILABILITY = YES_AGGRESSIVE;
				CLANG_WARN_UNREACHABLE_CODE = YES;
				CLANG_WARN__DUPLICATE_METHOD_MATCH = YES;
				COPY_PHASE_STRIP = NO;
				DEBUG_INFORMATION_FORMAT = "dwarf-with-dsym";
				DEVELOPMENT_TEAM = YRPYBFPPCT;
				ENABLE_NS_ASSERTIONS = NO;
				ENABLE_STRICT_OBJC_MSGSEND = YES;
				ENABLE_USER_SCRIPT_SANDBOXING = YES;
				GCC_C_LANGUAGE_STANDARD = gnu17;
				GCC_NO_COMMON_BLOCKS = YES;
				GCC_WARN_64_TO_32_BIT_CONVERSION = YES;
				GCC_WARN_ABOUT_RETURN_TYPE = YES_ERROR;
				GCC_WARN_UNDECLARED_SELECTOR = YES;
				GCC_WARN_UNINITIALIZED_AUTOS = YES_AGGRESSIVE;
				GCC_WARN_UNUSED_FUNCTION = YES;
				GCC_WARN_UNUSED_VARIABLE = YES;
				IPHONEOS_DEPLOYMENT_TARGET = 26.2;
				LOCALIZATION_PREFERS_STRING_CATALOGS = YES;
				MTL_ENABLE_DEBUG_INFO = NO;
				MTL_FAST_MATH = YES;
				SDKROOT = iphoneos;
				SWIFT_COMPILATION_MODE = wholemodule;
				VALIDATE_PRODUCT = YES;
			};
			name = Release;
		};
		042A22D22FEE58B200DB67F4 /* Debug */ = {
			isa = XCBuildConfiguration;
			baseConfigurationReference = 05E100012F00000100E00001 /* Dev.xcconfig */;
			buildSettings = {
				CODE_SIGN_ENTITLEMENTS = Rodi/Rodi.entitlements;
				CODE_SIGN_STYLE = Automatic;
				CURRENT_PROJECT_VERSION = 1;
				DEBUG_INFORMATION_FORMAT = "dwarf-with-dsym";
				DEVELOPMENT_TEAM = YRPYBFPPCT;
				ENABLE_PREVIEWS = YES;
				GENERATE_INFOPLIST_FILE = NO;
				INFOPLIST_FILE = Config/Info.plist;
				INFOPLIST_KEY_LSApplicationCategoryType = "public.app-category.navigation";
				IPHONEOS_DEPLOYMENT_TARGET = 16.1;
				LD_RUNPATH_SEARCH_PATHS = (
					"$(inherited)",
					"@executable_path/Frameworks",
				);
				MARKETING_VERSION = 1.0.0;
				OTHER_LDFLAGS = (
					"$(inherited)",
					"-ObjC",
				);
				PRODUCT_BUNDLE_IDENTIFIER = com.dororong.rodi.dev;
				PRODUCT_NAME = "$(TARGET_NAME)";
				STRING_CATALOG_GENERATE_SYMBOLS = YES;
				SUPPORTED_DEVICE_FAMILIES = 1;
				SUPPORTED_PLATFORMS = "iphoneos iphonesimulator";
				SUPPORTS_MACCATALYST = NO;
				SUPPORTS_MAC_DESIGNED_FOR_IPHONE_IPAD = NO;
				SUPPORTS_XR_DESIGNED_FOR_IPHONE_IPAD = NO;
				SWIFT_APPROACHABLE_CONCURRENCY = YES;
				SWIFT_DEFAULT_ACTOR_ISOLATION = MainActor;
				SWIFT_EMIT_LOC_STRINGS = YES;
				SWIFT_UPCOMING_FEATURE_MEMBER_IMPORT_VISIBILITY = YES;
				SWIFT_VERSION = 5.0;
				TARGETED_DEVICE_FAMILY = 1;
			};
			name = Debug;
		};
		042A22D32FEE58B200DB67F4 /* Release */ = {
			isa = XCBuildConfiguration;
			baseConfigurationReference = 05E100022F00000100E00001 /* Prod.xcconfig */;
			buildSettings = {
				CODE_SIGN_ENTITLEMENTS = Rodi/Rodi.entitlements;
				CODE_SIGN_STYLE = Automatic;
				CURRENT_PROJECT_VERSION = 0;
				DEVELOPMENT_TEAM = YRPYBFPPCT;
				ENABLE_PREVIEWS = YES;
				GENERATE_INFOPLIST_FILE = NO;
				INFOPLIST_FILE = Config/Info.plist;
				INFOPLIST_KEY_LSApplicationCategoryType = "public.app-category.navigation";
				IPHONEOS_DEPLOYMENT_TARGET = 16.1;
				LD_RUNPATH_SEARCH_PATHS = (
					"$(inherited)",
					"@executable_path/Frameworks",
				);
				MARKETING_VERSION = "$(inherited)";
				OTHER_LDFLAGS = (
					"$(inherited)",
					"-ObjC",
				);
				PRODUCT_NAME = "$(TARGET_NAME)";
				STRING_CATALOG_GENERATE_SYMBOLS = YES;
				SUPPORTED_DEVICE_FAMILIES = 1;
				SUPPORTED_PLATFORMS = "iphoneos iphonesimulator";
				SUPPORTS_MACCATALYST = NO;
				SUPPORTS_MAC_DESIGNED_FOR_IPHONE_IPAD = NO;
				SUPPORTS_XR_DESIGNED_FOR_IPHONE_IPAD = NO;
				SWIFT_APPROACHABLE_CONCURRENCY = YES;
				SWIFT_DEFAULT_ACTOR_ISOLATION = MainActor;
				SWIFT_EMIT_LOC_STRINGS = YES;
				SWIFT_UPCOMING_FEATURE_MEMBER_IMPORT_VISIBILITY = YES;
				SWIFT_VERSION = 5.0;
				TARGETED_DEVICE_FAMILY = 1;
			};
			name = Release;
		};
		098C32AD81004F70E22A56D9 /* Debug */ = {
			isa = XCBuildConfiguration;
			baseConfigurationReference = 05E100012F00000100E00001 /* Dev.xcconfig */;
			buildSettings = {
				APPLICATION_EXTENSION_API_ONLY = YES;
				ASSETCATALOG_COMPILER_APPICON_NAME = "";
				ASSETCATALOG_COMPILER_GLOBAL_ACCENT_COLOR_NAME = "";
				CLANG_ENABLE_OBJC_WEAK = NO;
				CODE_SIGN_STYLE = Automatic;
				CURRENT_PROJECT_VERSION = "$(inherited)";
				GENERATE_INFOPLIST_FILE = NO;
				INFOPLIST_FILE = RodiPracticeLiveActivity/Info.plist;
				IPHONEOS_DEPLOYMENT_TARGET = 16.1;
				LD_RUNPATH_SEARCH_PATHS = (
					"$(inherited)",
					"@executable_path/Frameworks",
					"@executable_path/../../Frameworks",
				);
				MARKETING_VERSION = "$(inherited)";
				PRODUCT_BUNDLE_IDENTIFIER = "$(inherited).PracticeLiveActivity";
				PRODUCT_NAME = "$(TARGET_NAME)";
				SDKROOT = iphoneos;
				SKIP_INSTALL = YES;
				SWIFT_VERSION = 5.0;
				TARGETED_DEVICE_FAMILY = 1;
			};
			name = Debug;
		};
		20A56AE571E6D1610EC28582 /* Release */ = {
			isa = XCBuildConfiguration;
			baseConfigurationReference = 05E100022F00000100E00001 /* Prod.xcconfig */;
			buildSettings = {
				APPLICATION_EXTENSION_API_ONLY = YES;
				ASSETCATALOG_COMPILER_APPICON_NAME = "";
				ASSETCATALOG_COMPILER_GLOBAL_ACCENT_COLOR_NAME = "";
				CLANG_ENABLE_OBJC_WEAK = NO;
				CODE_SIGN_STYLE = Automatic;
				CURRENT_PROJECT_VERSION = "$(inherited)";
				GENERATE_INFOPLIST_FILE = NO;
				INFOPLIST_FILE = RodiPracticeLiveActivity/Info.plist;
				IPHONEOS_DEPLOYMENT_TARGET = 16.1;
				LD_RUNPATH_SEARCH_PATHS = (
					"$(inherited)",
					"@executable_path/Frameworks",
					"@executable_path/../../Frameworks",
				);
				MARKETING_VERSION = "$(inherited)";
				PRODUCT_BUNDLE_IDENTIFIER = "$(inherited).PracticeLiveActivity";
				PRODUCT_NAME = "$(TARGET_NAME)";
				SDKROOT = iphoneos;
				SKIP_INSTALL = YES;
				SWIFT_VERSION = 5.0;
				TARGETED_DEVICE_FAMILY = 1;
				VALIDATE_PRODUCT = YES;
			};
			name = Release;
		};
		A1B200000000000000000011 /* Debug */ = {
			isa = XCBuildConfiguration;
			buildSettings = {
				BUNDLE_LOADER = "$(TEST_HOST)";
				GENERATE_INFOPLIST_FILE = YES;
				IPHONEOS_DEPLOYMENT_TARGET = 16.1;
				PRODUCT_BUNDLE_IDENTIFIER = com.dororong.rodi.tests;
				PRODUCT_NAME = "$(TARGET_NAME)";
				SDKROOT = iphoneos;
				SWIFT_DEFAULT_ACTOR_ISOLATION = MainActor;
				SWIFT_VERSION = 5.0;
				TARGETED_DEVICE_FAMILY = 1;
				TEST_HOST = "$(BUILT_PRODUCTS_DIR)/Rodi.app/Rodi";
			};
			name = Debug;
		};
		A1B200000000000000000012 /* Release */ = {
			isa = XCBuildConfiguration;
			buildSettings = {
				BUNDLE_LOADER = "$(TEST_HOST)";
				GENERATE_INFOPLIST_FILE = YES;
				IPHONEOS_DEPLOYMENT_TARGET = 16.1;
				PRODUCT_BUNDLE_IDENTIFIER = com.dororong.rodi.tests;
				PRODUCT_NAME = "$(TARGET_NAME)";
				SDKROOT = iphoneos;
				SWIFT_DEFAULT_ACTOR_ISOLATION = MainActor;
				SWIFT_VERSION = 5.0;
				TARGETED_DEVICE_FAMILY = 1;
				TEST_HOST = "$(BUILT_PRODUCTS_DIR)/Rodi.app/Rodi";
			};
			name = Release;
		};
/* End XCBuildConfiguration section */

/* Begin XCConfigurationList section */
		042A22C12FEE58B100DB67F4 /* Build configuration list for PBXProject "Rodi" */ = {
			isa = XCConfigurationList;
			buildConfigurations = (
				042A22CF2FEE58B200DB67F4 /* Debug */,
				042A22D02FEE58B200DB67F4 /* Release */,
			);
			defaultConfigurationIsVisible = 0;
			defaultConfigurationName = Release;
		};
		042A22D12FEE58B200DB67F4 /* Build configuration list for PBXNativeTarget "Rodi" */ = {
			isa = XCConfigurationList;
			buildConfigurations = (
				042A22D22FEE58B200DB67F4 /* Debug */,
				042A22D32FEE58B200DB67F4 /* Release */,
			);
			defaultConfigurationIsVisible = 0;
			defaultConfigurationName = Release;
		};
		A149327C92AF4D92888563FC /* Build configuration list for PBXNativeTarget "RodiPracticeLiveActivity" */ = {
			isa = XCConfigurationList;
			buildConfigurations = (
				20A56AE571E6D1610EC28582 /* Release */,
				098C32AD81004F70E22A56D9 /* Debug */,
			);
			defaultConfigurationIsVisible = 0;
			defaultConfigurationName = Release;
		};
		A1B200000000000000000008 /* Build configuration list for PBXNativeTarget "RodiTests" */ = {
			isa = XCConfigurationList;
			buildConfigurations = (
				A1B200000000000000000011 /* Debug */,
				A1B200000000000000000012 /* Release */,
			);
			defaultConfigurationIsVisible = 0;
			defaultConfigurationName = Release;
		};
/* End XCConfigurationList section */

/* Begin XCRemoteSwiftPackageReference section */
		041D585E300EFD09008ACB6B /* XCRemoteSwiftPackageReference "LicenseList" */ = {
			isa = XCRemoteSwiftPackageReference;
			repositoryURL = "https://github.com/cybozu/LicenseList.git";
			requirement = {
				kind = upToNextMajorVersion;
				minimumVersion = 2.5.0;
			};
		};
		045DE9742FEFA1000060C89A /* XCRemoteSwiftPackageReference "KakaoMapsSDK-SPM" */ = {
			isa = XCRemoteSwiftPackageReference;
			repositoryURL = "https://github.com/kakao-mapsSDK/KakaoMapsSDK-SPM.git";
			requirement = {
				kind = upToNextMajorVersion;
				minimumVersion = 2.12.14;
			};
		};
		045DE9DD2FEFA5D50060C89A /* XCRemoteSwiftPackageReference "SwiftyBeaver" */ = {
			isa = XCRemoteSwiftPackageReference;
			repositoryURL = "https://github.com/SwiftyBeaver/SwiftyBeaver.git";
			requirement = {
				kind = upToNextMajorVersion;
				minimumVersion = 2.1.1;
			};
		};
		045DE9E32FEFAC9E0060C89A /* XCRemoteSwiftPackageReference "kakao-ios-sdk" */ = {
			isa = XCRemoteSwiftPackageReference;
			repositoryURL = "https://github.com/kakao/kakao-ios-sdk.git";
			requirement = {
				kind = upToNextMajorVersion;
				minimumVersion = 2.28.0;
			};
		};
		04CA50592FF8E61E003FCF19 /* XCRemoteSwiftPackageReference "Then" */ = {
			isa = XCRemoteSwiftPackageReference;
			repositoryURL = "https://github.com/devxoul/Then.git";
			requirement = {
				kind = upToNextMajorVersion;
				minimumVersion = 3.0.0;
			};
		};
		04CA505C2FF8E63E003FCF19 /* XCRemoteSwiftPackageReference "SnapKit" */ = {
			isa = XCRemoteSwiftPackageReference;
			repositoryURL = "https://github.com/SnapKit/SnapKit.git";
			requirement = {
				kind = upToNextMajorVersion;
				minimumVersion = 6.0.0;
			};
		};
		04CA505F2FF8E665003FCF19 /* XCRemoteSwiftPackageReference "RxSwift" */ = {
			isa = XCRemoteSwiftPackageReference;
			repositoryURL = "https://github.com/ReactiveX/RxSwift.git";
			requirement = {
				kind = upToNextMajorVersion;
				minimumVersion = 6.10.2;
			};
		};
		04CA50662FF8E67A003FCF19 /* XCRemoteSwiftPackageReference "NSObject-Rx" */ = {
			isa = XCRemoteSwiftPackageReference;
			repositoryURL = "https://github.com/RxSwiftCommunity/NSObject-Rx.git";
			requirement = {
				kind = upToNextMajorVersion;
				minimumVersion = 5.2.2;
			};
		};
		C1A000000000000000002001 /* XCRemoteSwiftPackageReference "clarity-apps" */ = {
			isa = XCRemoteSwiftPackageReference;
			repositoryURL = "https://github.com/microsoft/clarity-apps";
			requirement = {
				kind = upToNextMajorVersion;
				minimumVersion = 3.5.4;
			};
		};
		F1B000000000000000002001 /* XCRemoteSwiftPackageReference "firebase-ios-sdk" */ = {
			isa = XCRemoteSwiftPackageReference;
			repositoryURL = "https://github.com/firebase/firebase-ios-sdk.git";
			requirement = {
				kind = upToNextMajorVersion;
				minimumVersion = 12.0.0;
			};
		};
/* End XCRemoteSwiftPackageReference section */

/* Begin XCSwiftPackageProductDependency section */
		041D585F300EFD09008ACB6B /* LicenseList */ = {
			isa = XCSwiftPackageProductDependency;
			package = 041D585E300EFD09008ACB6B /* XCRemoteSwiftPackageReference "LicenseList" */;
			productName = LicenseList;
		};
		045DE9762FEFA1000060C89A /* KakaoMapsSDK-SPM */ = {
			isa = XCSwiftPackageProductDependency;
			package = 045DE9742FEFA1000060C89A /* XCRemoteSwiftPackageReference "KakaoMapsSDK-SPM" */;
			productName = "KakaoMapsSDK-SPM";
		};
		045DE9DE2FEFA5D50060C89A /* SwiftyBeaver */ = {
			isa = XCSwiftPackageProductDependency;
			package = 045DE9DD2FEFA5D50060C89A /* XCRemoteSwiftPackageReference "SwiftyBeaver" */;
			productName = SwiftyBeaver;
		};
		045DE9E42FEFAC9E0060C89A /* KakaoSDKNavi */ = {
			isa = XCSwiftPackageProductDependency;
			package = 045DE9E32FEFAC9E0060C89A /* XCRemoteSwiftPackageReference "kakao-ios-sdk" */;
			productName = KakaoSDKNavi;
		};
		045DE9E62FEFAC9E0060C89A /* KakaoSDKUser */ = {
			isa = XCSwiftPackageProductDependency;
			package = 045DE9E32FEFAC9E0060C89A /* XCRemoteSwiftPackageReference "kakao-ios-sdk" */;
			productName = KakaoSDKUser;
		};
		04CA505A2FF8E61E003FCF19 /* Then */ = {
			isa = XCSwiftPackageProductDependency;
			package = 04CA50592FF8E61E003FCF19 /* XCRemoteSwiftPackageReference "Then" */;
			productName = Then;
		};
		04CA505D2FF8E63E003FCF19 /* SnapKit */ = {
			isa = XCSwiftPackageProductDependency;
			package = 04CA505C2FF8E63E003FCF19 /* XCRemoteSwiftPackageReference "SnapKit" */;
			productName = SnapKit;
		};
		04CA50602FF8E665003FCF19 /* RxCocoa */ = {
			isa = XCSwiftPackageProductDependency;
			package = 04CA505F2FF8E665003FCF19 /* XCRemoteSwiftPackageReference "RxSwift" */;
			productName = RxCocoa;
		};
		04CA50622FF8E665003FCF19 /* RxRelay */ = {
			isa = XCSwiftPackageProductDependency;
			package = 04CA505F2FF8E665003FCF19 /* XCRemoteSwiftPackageReference "RxSwift" */;
			productName = RxRelay;
		};
		04CA50642FF8E665003FCF19 /* RxSwift */ = {
			isa = XCSwiftPackageProductDependency;
			package = 04CA505F2FF8E665003FCF19 /* XCRemoteSwiftPackageReference "RxSwift" */;
			productName = RxSwift;
		};
		04CA50672FF8E67A003FCF19 /* NSObject-Rx */ = {
			isa = XCSwiftPackageProductDependency;
			package = 04CA50662FF8E67A003FCF19 /* XCRemoteSwiftPackageReference "NSObject-Rx" */;
			productName = "NSObject-Rx";
		};
		C1A000000000000000003001 /* Clarity */ = {
			isa = XCSwiftPackageProductDependency;
			package = C1A000000000000000002001 /* XCRemoteSwiftPackageReference "clarity-apps" */;
			productName = Clarity;
		};
		F1B000000000000000003001 /* FirebaseCore */ = {
			isa = XCSwiftPackageProductDependency;
			package = F1B000000000000000002001 /* XCRemoteSwiftPackageReference "firebase-ios-sdk" */;
			productName = FirebaseCore;
		};
		F1B000000000000000003002 /* FirebaseAnalytics */ = {
			isa = XCSwiftPackageProductDependency;
			package = F1B000000000000000002001 /* XCRemoteSwiftPackageReference "firebase-ios-sdk" */;
			productName = FirebaseAnalytics;
		};
		F1B000000000000000003003 /* FirebaseCrashlytics */ = {
			isa = XCSwiftPackageProductDependency;
			package = F1B000000000000000002001 /* XCRemoteSwiftPackageReference "firebase-ios-sdk" */;
			productName = FirebaseCrashlytics;
		};
		F1B000000000000000003004 /* FirebasePerformance */ = {
			isa = XCSwiftPackageProductDependency;
			package = F1B000000000000000002001 /* XCRemoteSwiftPackageReference "firebase-ios-sdk" */;
			productName = FirebasePerformance;
		};
/* End XCSwiftPackageProductDependency section */
	};
	rootObject = 042A22BE2FEE58B100DB67F4 /* Project object */;
}
